// !$*UTF8*$!
{
	archiveVersion = 1;
	classes = {
	};
	objectVersion = 46;
	objects = {

/* Begin PBXBuildFile section */
		45BBFD4D1C79ABF100048B87 /* LoginViewController.swift in Sources */ = {isa = PBXBuildFile; fileRef = 45BBFD4C1C79ABF100048B87 /* LoginViewController.swift */; };
		45BBFD4F1C79B1AC00048B87 /* SlideOutCell.swift in Sources */ = {isa = PBXBuildFile; fileRef = 45BBFD4E1C79B1AC00048B87 /* SlideOutCell.swift */; };
		45BBFD511C79BA8E00048B87 /* MajorDetailVC.swift in Sources */ = {isa = PBXBuildFile; fileRef = 45BBFD501C79BA8E00048B87 /* MajorDetailVC.swift */; };
		45BBFD531C79BADB00048B87 /* User.swift in Sources */ = {isa = PBXBuildFile; fileRef = 45BBFD521C79BADB00048B87 /* User.swift */; };
		45BBFD551C79BB1B00048B87 /* TextBook.swift in Sources */ = {isa = PBXBuildFile; fileRef = 45BBFD541C79BB1B00048B87 /* TextBook.swift */; };
		45BBFD571C79CC9500048B87 /* SignUp.swift in Sources */ = {isa = PBXBuildFile; fileRef = 45BBFD561C79CC9500048B87 /* SignUp.swift */; };
		45BBFD591C79F02900048B87 /* logoncell.swift in Sources */ = {isa = PBXBuildFile; fileRef = 45BBFD581C79F02900048B87 /* logoncell.swift */; };
		45BBFD5B1C7A13C000048B87 /* frontViewController.swift in Sources */ = {isa = PBXBuildFile; fileRef = 45BBFD5A1C7A13C000048B87 /* frontViewController.swift */; };
		45BBFD5D1C7A280D00048B87 /* AddBookVC.swift in Sources */ = {isa = PBXBuildFile; fileRef = 45BBFD5C1C7A280D00048B87 /* AddBookVC.swift */; };
		45E8A05B1C7938DB0022501E /* AppDelegate.swift in Sources */ = {isa = PBXBuildFile; fileRef = 45E8A05A1C7938DB0022501E /* AppDelegate.swift */; };
		45E8A05D1C7938DB0022501E /* ViewController.swift in Sources */ = {isa = PBXBuildFile; fileRef = 45E8A05C1C7938DB0022501E /* ViewController.swift */; };
		45E8A0601C7938DB0022501E /* Main.storyboard in Resources */ = {isa = PBXBuildFile; fileRef = 45E8A05E1C7938DB0022501E /* Main.storyboard */; };
		45E8A0621C7938DB0022501E /* Assets.xcassets in Resources */ = {isa = PBXBuildFile; fileRef = 45E8A0611C7938DB0022501E /* Assets.xcassets */; };
		45E8A0651C7938DB0022501E /* LaunchScreen.storyboard in Resources */ = {isa = PBXBuildFile; fileRef = 45E8A0631C7938DB0022501E /* LaunchScreen.storyboard */; };
		45E8A0701C7938DC0022501E /* BookThriftTests.swift in Sources */ = {isa = PBXBuildFile; fileRef = 45E8A06F1C7938DC0022501E /* BookThriftTests.swift */; };
		45E8A07B1C7938DC0022501E /* BookThriftUITests.swift in Sources */ = {isa = PBXBuildFile; fileRef = 45E8A07A1C7938DC0022501E /* BookThriftUITests.swift */; };
		45E8A08C1C795C100022501E /* SWRevealViewController.m in Sources */ = {isa = PBXBuildFile; fileRef = 45E8A08B1C795C100022501E /* SWRevealViewController.m */; };
		45E8A08E1C7963500022501E /* BackTableVC.swift in Sources */ = {isa = PBXBuildFile; fileRef = 45E8A08D1C7963500022501E /* BackTableVC.swift */; };
		45E8A0901C796D660022501E /* UniversityVC.swift in Sources */ = {isa = PBXBuildFile; fileRef = 45E8A08F1C796D660022501E /* UniversityVC.swift */; };
		45E8A0921C7970060022501E /* University.swift in Sources */ = {isa = PBXBuildFile; fileRef = 45E8A0911C7970060022501E /* University.swift */; };
		45E8A0961C7976740022501E /* CSV.swift in Sources */ = {isa = PBXBuildFile; fileRef = 45E8A0951C7976740022501E /* CSV.swift */; };
		45E8A09B1C79814A0022501E /* UniCell.swift in Sources */ = {isa = PBXBuildFile; fileRef = 45E8A09A1C79814A0022501E /* UniCell.swift */; };
		45E8A09F1C798BCE0022501E /* pokemon.csv in Resources */ = {isa = PBXBuildFile; fileRef = 45E8A09E1C798BCE0022501E /* pokemon.csv */; };
		45E8A0A11C798D7D0022501E /* Universities.csv in Resources */ = {isa = PBXBuildFile; fileRef = 45E8A0A01C798D7D0022501E /* Universities.csv */; };
/* End PBXBuildFile section */

/* Begin PBXContainerItemProxy section */
		45E8A06C1C7938DC0022501E /* PBXContainerItemProxy */ = {
			isa = PBXContainerItemProxy;
			containerPortal = 45E8A04F1C7938DB0022501E /* Project object */;
			proxyType = 1;
			remoteGlobalIDString = 45E8A0561C7938DB0022501E;
			remoteInfo = BookThrift;
		};
		45E8A0771C7938DC0022501E /* PBXContainerItemProxy */ = {
			isa = PBXContainerItemProxy;
			containerPortal = 45E8A04F1C7938DB0022501E /* Project object */;
			proxyType = 1;
			remoteGlobalIDString = 45E8A0561C7938DB0022501E;
			remoteInfo = BookThrift;
		};
/* End PBXContainerItemProxy section */

/* Begin PBXFileReference section */
		45BBFD4C1C79ABF100048B87 /* LoginViewController.swift */ = {isa = PBXFileReference; fileEncoding = 4; lastKnownFileType = sourcecode.swift; path = LoginViewController.swift; sourceTree = "<group>"; };
		45BBFD4E1C79B1AC00048B87 /* SlideOutCell.swift */ = {isa = PBXFileReference; fileEncoding = 4; lastKnownFileType = sourcecode.swift; path = SlideOutCell.swift; sourceTree = "<group>"; };
		45BBFD501C79BA8E00048B87 /* MajorDetailVC.swift */ = {isa = PBXFileReference; fileEncoding = 4; lastKnownFileType = sourcecode.swift; path = MajorDetailVC.swift; sourceTree = "<group>"; };
		45BBFD521C79BADB00048B87 /* User.swift */ = {isa = PBXFileReference; fileEncoding = 4; lastKnownFileType = sourcecode.swift; path = User.swift; sourceTree = "<group>"; };
		45BBFD541C79BB1B00048B87 /* TextBook.swift */ = {isa = PBXFileReference; fileEncoding = 4; lastKnownFileType = sourcecode.swift; path = TextBook.swift; sourceTree = "<group>"; };
		45BBFD561C79CC9500048B87 /* SignUp.swift */ = {isa = PBXFileReference; fileEncoding = 4; lastKnownFileType = sourcecode.swift; path = SignUp.swift; sourceTree = "<group>"; };
		45BBFD581C79F02900048B87 /* logoncell.swift */ = {isa = PBXFileReference; fileEncoding = 4; lastKnownFileType = sourcecode.swift; path = logoncell.swift; sourceTree = "<group>"; };
		45BBFD5A1C7A13C000048B87 /* frontViewController.swift */ = {isa = PBXFileReference; fileEncoding = 4; lastKnownFileType = sourcecode.swift; path = frontViewController.swift; sourceTree = "<group>"; };
		45BBFD5C1C7A280D00048B87 /* AddBookVC.swift */ = {isa = PBXFileReference; fileEncoding = 4; lastKnownFileType = sourcecode.swift; path = AddBookVC.swift; sourceTree = "<group>"; };
		45E8A0571C7938DB0022501E /* BookThrift.app */ = {isa = PBXFileReference; explicitFileType = wrapper.application; includeInIndex = 0; path = BookThrift.app; sourceTree = BUILT_PRODUCTS_DIR; };
		45E8A05A1C7938DB0022501E /* AppDelegate.swift */ = {isa = PBXFileReference; lastKnownFileType = sourcecode.swift; path = AppDelegate.swift; sourceTree = "<group>"; };
		45E8A05C1C7938DB0022501E /* ViewController.swift */ = {isa = PBXFileReference; lastKnownFileType = sourcecode.swift; path = ViewController.swift; sourceTree = "<group>"; };
		45E8A05F1C7938DB0022501E /* Base */ = {isa = PBXFileReference; lastKnownFileType = file.storyboard; name = Base; path = Base.lproj/Main.storyboard; sourceTree = "<group>"; };
		45E8A0611C7938DB0022501E /* Assets.xcassets */ = {isa = PBXFileReference; lastKnownFileType = folder.assetcatalog; path = Assets.xcassets; sourceTree = "<group>"; };
		45E8A0641C7938DB0022501E /* Base */ = {isa = PBXFileReference; lastKnownFileType = file.storyboard; name = Base; path = Base.lproj/LaunchScreen.storyboard; sourceTree = "<group>"; };
		45E8A0661C7938DB0022501E /* Info.plist */ = {isa = PBXFileReference; lastKnownFileType = text.plist.xml; path = Info.plist; sourceTree = "<group>"; };
		45E8A06B1C7938DC0022501E /* BookThriftTests.xctest */ = {isa = PBXFileReference; explicitFileType = wrapper.cfbundle; includeInIndex = 0; path = BookThriftTests.xctest; sourceTree = BUILT_PRODUCTS_DIR; };
		45E8A06F1C7938DC0022501E /* BookThriftTests.swift */ = {isa = PBXFileReference; lastKnownFileType = sourcecode.swift; path = BookThriftTests.swift; sourceTree = "<group>"; };
		45E8A0711C7938DC0022501E /* Info.plist */ = {isa = PBXFileReference; lastKnownFileType = text.plist.xml; path = Info.plist; sourceTree = "<group>"; };
		45E8A0761C7938DC0022501E /* BookThriftUITests.xctest */ = {isa = PBXFileReference; explicitFileType = wrapper.cfbundle; includeInIndex = 0; path = BookThriftUITests.xctest; sourceTree = BUILT_PRODUCTS_DIR; };
		45E8A07A1C7938DC0022501E /* BookThriftUITests.swift */ = {isa = PBXFileReference; lastKnownFileType = sourcecode.swift; path = BookThriftUITests.swift; sourceTree = "<group>"; };
		45E8A07C1C7938DC0022501E /* Info.plist */ = {isa = PBXFileReference; lastKnownFileType = text.plist.xml; path = Info.plist; sourceTree = "<group>"; };
		45E8A0891C795C100022501E /* BookThrift-Bridging-Header.h */ = {isa = PBXFileReference; lastKnownFileType = sourcecode.c.h; path = "BookThrift-Bridging-Header.h"; sourceTree = "<group>"; };
		45E8A08A1C795C100022501E /* SWRevealViewController.h */ = {isa = PBXFileReference; fileEncoding = 4; lastKnownFileType = sourcecode.c.h; path = SWRevealViewController.h; sourceTree = "<group>"; };
		45E8A08B1C795C100022501E /* SWRevealViewController.m */ = {isa = PBXFileReference; fileEncoding = 4; lastKnownFileType = sourcecode.c.objc; path = SWRevealViewController.m; sourceTree = "<group>"; };
		45E8A08D1C7963500022501E /* BackTableVC.swift */ = {isa = PBXFileReference; fileEncoding = 4; lastKnownFileType = sourcecode.swift; path = BackTableVC.swift; sourceTree = "<group>"; };
		45E8A08F1C796D660022501E /* UniversityVC.swift */ = {isa = PBXFileReference; fileEncoding = 4; lastKnownFileType = sourcecode.swift; path = UniversityVC.swift; sourceTree = "<group>"; };
		45E8A0911C7970060022501E /* University.swift */ = {isa = PBXFileReference; fileEncoding = 4; lastKnownFileType = sourcecode.swift; path = University.swift; sourceTree = "<group>"; };
		45E8A0951C7976740022501E /* CSV.swift */ = {isa = PBXFileReference; fileEncoding = 4; lastKnownFileType = sourcecode.swift; path = CSV.swift; sourceTree = "<group>"; };
		45E8A09A1C79814A0022501E /* UniCell.swift */ = {isa = PBXFileReference; fileEncoding = 4; lastKnownFileType = sourcecode.swift; path = UniCell.swift; sourceTree = "<group>"; };
		45E8A09E1C798BCE0022501E /* pokemon.csv */ = {isa = PBXFileReference; fileEncoding = 4; lastKnownFileType = text; path = pokemon.csv; sourceTree = "<group>"; };
		45E8A0A01C798D7D0022501E /* Universities.csv */ = {isa = PBXFileReference; fileEncoding = 4; lastKnownFileType = text; path = Universities.csv; sourceTree = "<group>"; };
/* End PBXFileReference section */

/* Begin PBXFrameworksBuildPhase section */
		45E8A0541C7938DB0022501E /* Frameworks */ = {
			isa = PBXFrameworksBuildPhase;
			buildActionMask = 2147483647;
			files = (
			);
			runOnlyForDeploymentPostprocessing = 0;
		};
		45E8A0681C7938DC0022501E /* Frameworks */ = {
			isa = PBXFrameworksBuildPhase;
			buildActionMask = 2147483647;
			files = (
			);
			runOnlyForDeploymentPostprocessing = 0;
		};
		45E8A0731C7938DC0022501E /* Frameworks */ = {
			isa = PBXFrameworksBuildPhase;
			buildActionMask = 2147483647;
			files = (
			);
			runOnlyForDeploymentPostprocessing = 0;
		};
/* End PBXFrameworksBuildPhase section */

/* Begin PBXGroup section */
		45BBFD491C79AB9C00048B87 /* Controllers */ = {
			isa = PBXGroup;
			children = (
				45E8A05C1C7938DB0022501E /* ViewController.swift */,
				45E8A08D1C7963500022501E /* BackTableVC.swift */,
				45E8A08F1C796D660022501E /* UniversityVC.swift */,
				45BBFD4C1C79ABF100048B87 /* LoginViewController.swift */,
				45BBFD501C79BA8E00048B87 /* MajorDetailVC.swift */,
				45BBFD561C79CC9500048B87 /* SignUp.swift */,
				45BBFD5A1C7A13C000048B87 /* frontViewController.swift */,
				45BBFD5C1C7A280D00048B87 /* AddBookVC.swift */,
			);
			name = Controllers;
			sourceTree = "<group>";
		};
		45BBFD4A1C79ABB100048B87 /* Models */ = {
			isa = PBXGroup;
			children = (
				45E8A0911C7970060022501E /* University.swift */,
				45BBFD521C79BADB00048B87 /* User.swift */,
				45BBFD541C79BB1B00048B87 /* TextBook.swift */,
			);
			name = Models;
			sourceTree = "<group>";
		};
		45BBFD4B1C79ABC300048B87 /* Assets */ = {
			isa = PBXGroup;
			children = (
				45E8A09E1C798BCE0022501E /* pokemon.csv */,
				45E8A0A01C798D7D0022501E /* Universities.csv */,
				45E8A0951C7976740022501E /* CSV.swift */,
			);
			name = Assets;
			sourceTree = "<group>";
		};
		45E8A04E1C7938DB0022501E = {
			isa = PBXGroup;
			children = (
				45E8A0591C7938DB0022501E /* BookThrift */,
				45E8A06E1C7938DC0022501E /* BookThriftTests */,
				45E8A0791C7938DC0022501E /* BookThriftUITests */,
				45E8A0581C7938DB0022501E /* Products */,
			);
			sourceTree = "<group>";
		};
		45E8A0581C7938DB0022501E /* Products */ = {
			isa = PBXGroup;
			children = (
				45E8A0571C7938DB0022501E /* BookThrift.app */,
				45E8A06B1C7938DC0022501E /* BookThriftTests.xctest */,
				45E8A0761C7938DC0022501E /* BookThriftUITests.xctest */,
			);
			name = Products;
			sourceTree = "<group>";
		};
		45E8A0591C7938DB0022501E /* BookThrift */ = {
			isa = PBXGroup;
			children = (
				45BBFD4B1C79ABC300048B87 /* Assets */,
				45BBFD4A1C79ABB100048B87 /* Models */,
				45BBFD491C79AB9C00048B87 /* Controllers */,
				45E8A0991C79812A0022501E /* Views */,
				45E8A0881C795BE90022501E /* Supporting Files */,
				45E8A05A1C7938DB0022501E /* AppDelegate.swift */,
				45E8A05E1C7938DB0022501E /* Main.storyboard */,
				45E8A0611C7938DB0022501E /* Assets.xcassets */,
				45E8A0631C7938DB0022501E /* LaunchScreen.storyboard */,
				45E8A0661C7938DB0022501E /* Info.plist */,
			);
			path = BookThrift;
			sourceTree = "<group>";
		};
		45E8A06E1C7938DC0022501E /* BookThriftTests */ = {
			isa = PBXGroup;
			children = (
				45E8A06F1C7938DC0022501E /* BookThriftTests.swift */,
				45E8A0711C7938DC0022501E /* Info.plist */,
			);
			path = BookThriftTests;
			sourceTree = "<group>";
		};
		45E8A0791C7938DC0022501E /* BookThriftUITests */ = {
			isa = PBXGroup;
			children = (
				45E8A07A1C7938DC0022501E /* BookThriftUITests.swift */,
				45E8A07C1C7938DC0022501E /* Info.plist */,
			);
			path = BookThriftUITests;
			sourceTree = "<group>";
		};
		45E8A0881C795BE90022501E /* Supporting Files */ = {
			isa = PBXGroup;
			children = (
				45E8A08A1C795C100022501E /* SWRevealViewController.h */,
				45E8A08B1C795C100022501E /* SWRevealViewController.m */,
				45E8A0891C795C100022501E /* BookThrift-Bridging-Header.h */,
			);
			name = "Supporting Files";
			sourceTree = "<group>";
		};
		45E8A0991C79812A0022501E /* Views */ = {
			isa = PBXGroup;
			children = (
				45E8A09A1C79814A0022501E /* UniCell.swift */,
				45BBFD4E1C79B1AC00048B87 /* SlideOutCell.swift */,
				45BBFD581C79F02900048B87 /* logoncell.swift */,
			);
			name = Views;
			sourceTree = "<group>";
		};
/* End PBXGroup section */

/* Begin PBXNativeTarget section */
		45E8A0561C7938DB0022501E /* BookThrift */ = {
			isa = PBXNativeTarget;
			buildConfigurationList = 45E8A07F1C7938DC0022501E /* Build configuration list for PBXNativeTarget "BookThrift" */;
			buildPhases = (
				45E8A0531C7938DB0022501E /* Sources */,
				45E8A0541C7938DB0022501E /* Frameworks */,
				45E8A0551C7938DB0022501E /* Resources */,
			);
			buildRules = (
			);
			dependencies = (
			);
			name = BookThrift;
			productName = BookThrift;
			productReference = 45E8A0571C7938DB0022501E /* BookThrift.app */;
			productType = "com.apple.product-type.application";
		};
		45E8A06A1C7938DC0022501E /* BookThriftTests */ = {
			isa = PBXNativeTarget;
			buildConfigurationList = 45E8A0821C7938DC0022501E /* Build configuration list for PBXNativeTarget "BookThriftTests" */;
			buildPhases = (
				45E8A0671C7938DC0022501E /* Sources */,
				45E8A0681C7938DC0022501E /* Frameworks */,
				45E8A0691C7938DC0022501E /* Resources */,
			);
			buildRules = (
			);
			dependencies = (
				45E8A06D1C7938DC0022501E /* PBXTargetDependency */,
			);
			name = BookThriftTests;
			productName = BookThriftTests;
			productReference = 45E8A06B1C7938DC0022501E /* BookThriftTests.xctest */;
			productType = "com.apple.product-type.bundle.unit-test";
		};
		45E8A0751C7938DC0022501E /* BookThriftUITests */ = {
			isa = PBXNativeTarget;
			buildConfigurationList = 45E8A0851C7938DC0022501E /* Build configuration list for PBXNativeTarget "BookThriftUITests" */;
			buildPhases = (
				45E8A0721C7938DC0022501E /* Sources */,
				45E8A0731C7938DC0022501E /* Frameworks */,
				45E8A0741C7938DC0022501E /* Resources */,
			);
			buildRules = (
			);
			dependencies = (
				45E8A0781C7938DC0022501E /* PBXTargetDependency */,
			);
			name = BookThriftUITests;
			productName = BookThriftUITests;
			productReference = 45E8A0761C7938DC0022501E /* BookThriftUITests.xctest */;
			productType = "com.apple.product-type.bundle.ui-testing";
		};
/* End PBXNativeTarget section */

/* Begin PBXProject section */
		45E8A04F1C7938DB0022501E /* Project object */ = {
			isa = PBXProject;
			attributes = {
				LastSwiftUpdateCheck = 0720;
				LastUpgradeCheck = 0720;
				ORGANIZATIONNAME = T9Hacks;
				TargetAttributes = {
					45E8A0561C7938DB0022501E = {
						CreatedOnToolsVersion = 7.2.1;
					};
					45E8A06A1C7938DC0022501E = {
						CreatedOnToolsVersion = 7.2.1;
						TestTargetID = 45E8A0561C7938DB0022501E;
					};
					45E8A0751C7938DC0022501E = {
						CreatedOnToolsVersion = 7.2.1;
						TestTargetID = 45E8A0561C7938DB0022501E;
					};
				};
			};
			buildConfigurationList = 45E8A0521C7938DB0022501E /* Build configuration list for PBXProject "BookThrift" */;
			compatibilityVersion = "Xcode 3.2";
			developmentRegion = English;
			hasScannedForEncodings = 0;
			knownRegions = (
				en,
				Base,
			);
			mainGroup = 45E8A04E1C7938DB0022501E;
			productRefGroup = 45E8A0581C7938DB0022501E /* Products */;
			projectDirPath = "";
			projectRoot = "";
			targets = (
				45E8A0561C7938DB0022501E /* BookThrift */,
				45E8A06A1C7938DC0022501E /* BookThriftTests */,
				45E8A0751C7938DC0022501E /* BookThriftUITests */,
			);
		};
/* End PBXProject section */

/* Begin PBXResourcesBuildPhase section */
		45E8A0551C7938DB0022501E /* Resources */ = {
			isa = PBXResourcesBuildPhase;
			buildActionMask = 2147483647;
			files = (
				45E8A0651C7938DB0022501E /* LaunchScreen.storyboard in Resources */,
				45E8A0621C7938DB0022501E /* Assets.xcassets in Resources */,
				45E8A0601C7938DB0022501E /* Main.storyboard in Resources */,
				45E8A09F1C798BCE0022501E /* pokemon.csv in Resources */,
				45E8A0A11C798D7D0022501E /* Universities.csv in Resources */,
			);
			runOnlyForDeploymentPostprocessing = 0;
		};
		45E8A0691C7938DC0022501E /* Resources */ = {
			isa = PBXResourcesBuildPhase;
			buildActionMask = 2147483647;
			files = (
			);
			runOnlyForDeploymentPostprocessing = 0;
		};
		45E8A0741C7938DC0022501E /* Resources */ = {
			isa = PBXResourcesBuildPhase;
			buildActionMask = 2147483647;
			files = (
			);
			runOnlyForDeploymentPostprocessing = 0;
		};
/* End PBXResourcesBuildPhase section */

/* Begin PBXSourcesBuildPhase section */
		45E8A0531C7938DB0022501E /* Sources */ = {
			isa = PBXSourcesBuildPhase;
			buildActionMask = 2147483647;
			files = (
				45BBFD4D1C79ABF100048B87 /* LoginViewController.swift in Sources */,
				45BBFD511C79BA8E00048B87 /* MajorDetailVC.swift in Sources */,
				45E8A0901C796D660022501E /* UniversityVC.swift in Sources */,
				45BBFD591C79F02900048B87 /* logoncell.swift in Sources */,
				45E8A05D1C7938DB0022501E /* ViewController.swift in Sources */,
				45E8A05B1C7938DB0022501E /* AppDelegate.swift in Sources */,
				45BBFD4F1C79B1AC00048B87 /* SlideOutCell.swift in Sources */,
				45E8A08E1C7963500022501E /* BackTableVC.swift in Sources */,
				45BBFD571C79CC9500048B87 /* SignUp.swift in Sources */,
				45E8A09B1C79814A0022501E /* UniCell.swift in Sources */,
				45BBFD531C79BADB00048B87 /* User.swift in Sources */,
				45E8A08C1C795C100022501E /* SWRevealViewController.m in Sources */,
				45BBFD5B1C7A13C000048B87 /* frontViewController.swift in Sources */,
				45BBFD5D1C7A280D00048B87 /* AddBookVC.swift in Sources */,
				45E8A0961C7976740022501E /* CSV.swift in Sources */,
				45BBFD551C79BB1B00048B87 /* TextBook.swift in Sources */,
				45E8A0921C7970060022501E /* University.swift in Sources */,
			);
			runOnlyForDeploymentPostprocessing = 0;
		};
		45E8A0671C7938DC0022501E /* Sources */ = {
			isa = PBXSourcesBuildPhase;
			buildActionMask = 2147483647;
			files = (
				45E8A0701C7938DC0022501E /* BookThriftTests.swift in Sources */,
			);
			runOnlyForDeploymentPostprocessing = 0;
		};
		45E8A0721C7938DC0022501E /* Sources */ = {
			isa = PBXSourcesBuildPhase;
			buildActionMask = 2147483647;
			files = (
				45E8A07B1C7938DC0022501E /* BookThriftUITests.swift in Sources */,
			);
			runOnlyForDeploymentPostprocessing = 0;
		};
/* End PBXSourcesBuildPhase section */

/* Begin PBXTargetDependency section */
		45E8A06D1C7938DC0022501E /* PBXTargetDependency */ = {
			isa = PBXTargetDependency;
			target = 45E8A0561C7938DB0022501E /* BookThrift */;
			targetProxy = 45E8A06C1C7938DC0022501E /* PBXContainerItemProxy */;
		};
		45E8A0781C7938DC0022501E /* PBXTargetDependency */ = {
			isa = PBXTargetDependency;
			target = 45E8A0561C7938DB0022501E /* BookThrift */;
			targetProxy = 45E8A0771C7938DC0022501E /* PBXContainerItemProxy */;
		};
/* End PBXTargetDependency section */

/* Begin PBXVariantGroup section */
		45E8A05E1C7938DB0022501E /* Main.storyboard */ = {
			isa = PBXVariantGroup;
			children = (
				45E8A05F1C7938DB0022501E /* Base */,
			);
			name = Main.storyboard;
			sourceTree = "<group>";
		};
		45E8A0631C7938DB0022501E /* LaunchScreen.storyboard */ = {
			isa = PBXVariantGroup;
			children = (
				45E8A0641C7938DB0022501E /* Base */,
			);
			name = LaunchScreen.storyboard;
			sourceTree = "<group>";
		};
/* End PBXVariantGroup section */

/* Begin XCBuildConfiguration section */
		45E8A07D1C7938DC0022501E /* Debug */ = {
			isa = XCBuildConfiguration;
			buildSettings = {
				ALWAYS_SEARCH_USER_PATHS = NO;
				CLANG_CXX_LANGUAGE_STANDARD = "gnu++0x";
				CLANG_CXX_LIBRARY = "libc++";
				CLANG_ENABLE_MODULES = YES;
				CLANG_ENABLE_OBJC_ARC = YES;
				CLANG_WARN_BOOL_CONVERSION = YES;
				CLANG_WARN_CONSTANT_CONVERSION = YES;
				CLANG_WARN_DIRECT_OBJC_ISA_USAGE = YES_ERROR;
				CLANG_WARN_EMPTY_BODY = YES;
				CLANG_WARN_ENUM_CONVERSION = YES;
				CLANG_WARN_INT_CONVERSION = YES;
				CLANG_WARN_OBJC_ROOT_CLASS = YES_ERROR;
				CLANG_WARN_UNREACHABLE_CODE = YES;
				CLANG_WARN__DUPLICATE_METHOD_MATCH = YES;
				"CODE_SIGN_IDENTITY[sdk=iphoneos*]" = "iPhone Developer";
				COPY_PHASE_STRIP = NO;
				DEBUG_INFORMATION_FORMAT = dwarf;
				ENABLE_STRICT_OBJC_MSGSEND = YES;
				ENABLE_TESTABILITY = YES;
				GCC_C_LANGUAGE_STANDARD = gnu99;
				GCC_DYNAMIC_NO_PIC = NO;
				GCC_NO_COMMON_BLOCKS = YES;
				GCC_OPTIMIZATION_LEVEL = 0;
				GCC_PREPROCESSOR_DEFINITIONS = (
					"DEBUG=1",
					"$(inherited)",
				);
				GCC_WARN_64_TO_32_BIT_CONVERSION = YES;
				GCC_WARN_ABOUT_RETURN_TYPE = YES_ERROR;
				GCC_WARN_UNDECLARED_SELECTOR = YES;
				GCC_WARN_UNINITIALIZED_AUTOS = YES_AGGRESSIVE;
				GCC_WARN_UNUSED_FUNCTION = YES;
				GCC_WARN_UNUSED_VARIABLE = YES;
				IPHONEOS_DEPLOYMENT_TARGET = 9.2;
				MTL_ENABLE_DEBUG_INFO = YES;
				ONLY_ACTIVE_ARCH = YES;
				SDKROOT = iphoneos;
				SWIFT_OPTIMIZATION_LEVEL = "-Onone";
				TARGETED_DEVICE_FAMILY = "1,2";
			};
			name = Debug;
		};
		45E8A07E1C7938DC0022501E /* Release */ = {
			isa = XCBuildConfiguration;
			buildSettings = {
				ALWAYS_SEARCH_USER_PATHS = NO;
				CLANG_CXX_LANGUAGE_STANDARD = "gnu++0x";
				CLANG_CXX_LIBRARY = "libc++";
				CLANG_ENABLE_MODULES = YES;
				CLANG_ENABLE_OBJC_ARC = YES;
				CLANG_WARN_BOOL_CONVERSION = YES;
				CLANG_WARN_CONSTANT_CONVERSION = YES;
				CLANG_WARN_DIRECT_OBJC_ISA_USAGE = YES_ERROR;
				CLANG_WARN_EMPTY_BODY = YES;
				CLANG_WARN_ENUM_CONVERSION = YES;
				CLANG_WARN_INT_CONVERSION = YES;
				CLANG_WARN_OBJC_ROOT_CLASS = YES_ERROR;
				CLANG_WARN_UNREACHABLE_CODE = YES;
				CLANG_WARN__DUPLICATE_METHOD_MATCH = YES;
				"CODE_SIGN_IDENTITY[sdk=iphoneos*]" = "iPhone Developer";
				COPY_PHASE_STRIP = NO;
				DEBUG_INFORMATION_FORMAT = "dwarf-with-dsym";
				ENABLE_NS_ASSERTIONS = NO;
				ENABLE_STRICT_OBJC_MSGSEND = YES;
				GCC_C_LANGUAGE_STANDARD = gnu99;
				GCC_NO_COMMON_BLOCKS = YES;
				GCC_WARN_64_TO_32_BIT_CONVERSION = YES;
				GCC_WARN_ABOUT_RETURN_TYPE = YES_ERROR;
				GCC_WARN_UNDECLARED_SELECTOR = YES;
				GCC_WARN_UNINITIALIZED_AUTOS = YES_AGGRESSIVE;
				GCC_WARN_UNUSED_FUNCTION = YES;
				GCC_WARN_UNUSED_VARIABLE = YES;
				IPHONEOS_DEPLOYMENT_TARGET = 9.2;
				MTL_ENABLE_DEBUG_INFO = NO;
				SDKROOT = iphoneos;
				TARGETED_DEVICE_FAMILY = "1,2";
				VALIDATE_PRODUCT = YES;
			};
			name = Release;
		};
		45E8A0801C7938DC0022501E /* Debug */ = {
			isa = XCBuildConfiguration;
			buildSettings = {
				ASSETCATALOG_COMPILER_APPICON_NAME = AppIcon;
				CLANG_ENABLE_MODULES = YES;
				INFOPLIST_FILE = BookThrift/Info.plist;
				LD_RUNPATH_SEARCH_PATHS = "$(inherited) @executable_path/Frameworks";
				PRODUCT_BUNDLE_IDENTIFIER = com.BookThrift.BookThrift;
				PRODUCT_NAME = "$(TARGET_NAME)";
				SWIFT_OBJC_BRIDGING_HEADER = "BookThrift/BookThrift-Bridging-Header.h";
				SWIFT_OPTIMIZATION_LEVEL = "-Onone";
			};
			name = Debug;
		};
		45E8A0811C7938DC0022501E /* Release */ = {
			isa = XCBuildConfiguration;
			buildSettings = {
				ASSETCATALOG_COMPILER_APPICON_NAME = AppIcon;
				CLANG_ENABLE_MODULES = YES;
				INFOPLIST_FILE = BookThrift/Info.plist;
				LD_RUNPATH_SEARCH_PATHS = "$(inherited) @executable_path/Frameworks";
				PRODUCT_BUNDLE_IDENTIFIER = com.BookThrift.BookThrift;
				PRODUCT_NAME = "$(TARGET_NAME)";
				SWIFT_OBJC_BRIDGING_HEADER = "BookThrift/BookThrift-Bridging-Header.h";
			};
			name = Release;
		};
		45E8A0831C7938DC0022501E /* Debug */ = {
			isa = XCBuildConfiguration;
			buildSettings = {
				BUNDLE_LOADER = "$(TEST_HOST)";
				INFOPLIST_FILE = BookThriftTests/Info.plist;
				LD_RUNPATH_SEARCH_PATHS = "$(inherited) @executable_path/Frameworks @loader_path/Frameworks";
				PRODUCT_BUNDLE_IDENTIFIER = com.BookThrift.BookThriftTests;
				PRODUCT_NAME = "$(TARGET_NAME)";
				TEST_HOST = "$(BUILT_PRODUCTS_DIR)/BookThrift.app/BookThrift";
			};
			name = Debug;
		};
		45E8A0841C7938DC0022501E /* Release */ = {
			isa = XCBuildConfiguration;
			buildSettings = {
				BUNDLE_LOADER = "$(TEST_HOST)";
				INFOPLIST_FILE = BookThriftTests/Info.plist;
				LD_RUNPATH_SEARCH_PATHS = "$(inherited) @executable_path/Frameworks @loader_path/Frameworks";
				PRODUCT_BUNDLE_IDENTIFIER = com.BookThrift.BookThriftTests;
				PRODUCT_NAME = "$(TARGET_NAME)";
				TEST_HOST = "$(BUILT_PRODUCTS_DIR)/BookThrift.app/BookThrift";
			};
			name = Release;
		};
		45E8A0861C7938DC0022501E /* Debug */ = {
			isa = XCBuildConfiguration;
			buildSettings = {
				INFOPLIST_FILE = BookThriftUITests/Info.plist;
				LD_RUNPATH_SEARCH_PATHS = "$(inherited) @executable_path/Frameworks @loader_path/Frameworks";
				PRODUCT_BUNDLE_IDENTIFIER = com.BookThrift.BookThriftUITests;
				PRODUCT_NAME = "$(TARGET_NAME)";
				TEST_TARGET_NAME = BookThrift;
				USES_XCTRUNNER = YES;
			};
			name = Debug;
		};
		45E8A0871C7938DC0022501E /* Release */ = {
			isa = XCBuildConfiguration;
			buildSettings = {
				INFOPLIST_FILE = BookThriftUITests/Info.plist;
				LD_RUNPATH_SEARCH_PATHS = "$(inherited) @executable_path/Frameworks @loader_path/Frameworks";
				PRODUCT_BUNDLE_IDENTIFIER = com.BookThrift.BookThriftUITests;
				PRODUCT_NAME = "$(TARGET_NAME)";
				TEST_TARGET_NAME = BookThrift;
				USES_XCTRUNNER = YES;
			};
			name = Release;
		};
/* End XCBuildConfiguration section */

/* Begin XCConfigurationList section */
		45E8A0521C7938DB0022501E /* Build configuration list for PBXProject "BookThrift" */ = {
			isa = XCConfigurationList;
			buildConfigurations = (
				45E8A07D1C7938DC0022501E /* Debug */,
				45E8A07E1C7938DC0022501E /* Release */,
			);
			defaultConfigurationIsVisible = 0;
			defaultConfigurationName = Release;
		};
		45E8A07F1C7938DC0022501E /* Build configuration list for PBXNativeTarget "BookThrift" */ = {
			isa = XCConfigurationList;
			buildConfigurations = (
				45E8A0801C7938DC0022501E /* Debug */,
				45E8A0811C7938DC0022501E /* Release */,
			);
			defaultConfigurationIsVisible = 0;
			defaultConfigurationName = Release;
		};
		45E8A0821C7938DC0022501E /* Build configuration list for PBXNativeTarget "BookThriftTests" */ = {
			isa = XCConfigurationList;
			buildConfigurations = (
				45E8A0831C7938DC0022501E /* Debug */,
				45E8A0841C7938DC0022501E /* Release */,
			);
			defaultConfigurationIsVisible = 0;
			defaultConfigurationName = Release;
		};
		45E8A0851C7938DC0022501E /* Build configuration list for PBXNativeTarget "BookThriftUITests" */ = {
			isa = XCConfigurationList;
			buildConfigurations = (
				45E8A0861C7938DC0022501E /* Debug */,
				45E8A0871C7938DC0022501E /* Release */,
			);
			defaultConfigurationIsVisible = 0;
			defaultConfigurationName = Release;
		};
/* End XCConfigurationList section */
	};
	rootObject = 45E8A04F1C7938DB0022501E /* Project object */;
}
